
Microsoft Visual Studio Solution File, Format Version 12.00
# Visual Studio Version 17
VisualStudioVersion = 17.5.002.0
MinimumVisualStudioVersion = 10.0.40219.1
Project("{9A19103F-16F7-4668-BE54-9A1E7A4F7556}") = "Biblioteca20", "Biblioteca20\Biblioteca20.csproj", "{CC504C94-DAD3-4433-9BEA-F65AC87D441E}"
EndProject
Global
	GlobalSection(SolutionConfigurationPlatforms) = preSolution
		Debug|Any CPU = Debug|Any CPU
		Release|Any CPU = Release|Any CPU
	EndGlobalSection
	GlobalSection(ProjectConfigurationPlatforms) = postSolution
		{CC504C94-DAD3-4433-9BEA-F65AC87D441E}.Debug|Any CPU.ActiveCfg = Debug|Any CPU
		{CC504C94-DAD3-4433-9BEA-F65AC87D441E}.Debug|Any CPU.Build.0 = Debug|Any CPU
		{CC504C94-DAD3-4433-9BEA-F65AC87D441E}.Release|Any CPU.ActiveCfg = Release|Any CPU
		{CC504C94-DAD3-4433-9BEA-F65AC87D441E}.Release|Any CPU.Build.0 = Release|Any CPU
	EndGlobalSection
	GlobalSection(SolutionProperties) = preSolution
		HideSolutionNode = FALSE
	EndGlobalSection
	GlobalSection(ExtensibilityGlobals) = postSolution
		SolutionGuid = {8F5921AC-3FBA-4109-916D-28CF7F15AC81}
	EndGlobalSection
EndGlobal
